{
  "version": "v1",
  "packages": {
    "@clerk/types": {
      "signature": "23c01e5da40bedb7178b5e957d3a72d2",
      "file": true
    },
    "@clerk/remix": {
      "signature": "a83e851c87debfd75e2f2dc73e57b339",
      "file": true
    },
    "@clerk/backend": {
      "signature": "6cfd29620c12b97066e254e2de468451",
      "file": true
    }
  }
}