{
    "name": "clerk-sdk-node-examples",
    "lockfileVersion": 2,
    "requires": true,
    "packages": {
        "": {
            "name": "clerk-sdk-node-examples",
            "license": "MIT",
            "dependencies": {
                "@clerk/clerk-sdk-node": "file:../../dist",
                "dotenv": "^8.2.0",
                "log-that-http": "^1.0.1"
            },
            "devDependencies": {
                "@types/react-dom": "^17.0.1",
                "typescript": "^4.4.4"
            }
        },
        "../../dist": {},
        "node_modules/@clerk/clerk-sdk-node": {
            "resolved": "../../dist",
            "link": true
        },
        "node_modules/@types/prop-types": {
            "version": "15.7.4",
            "resolved": "https://registry.npmjs.org/@types/prop-types/-/prop-types-15.7.4.tgz",
            "integrity": "sha512-rZ5drC/jWjrArrS8BR6SIr4cWpW09RNTYt9AMZo3Jwwif+iacXAqgVjm0B0Bv/S1jhDXKHqRVNCbACkJ89RAnQ==",
            "dev": true
        },
        "node_modules/@types/react": {
            "version": "17.0.38",
            "resolved": "https://registry.npmjs.org/@types/react/-/react-17.0.38.tgz",
            "integrity": "sha512-SI92X1IA+FMnP3qM5m4QReluXzhcmovhZnLNm3pyeQlooi02qI7sLiepEYqT678uNiyc25XfCqxREFpy3W7YhQ==",
            "dev": true,
            "dependencies": {
                "@types/prop-types": "*",
                "@types/scheduler": "*",
                "csstype": "^3.0.2"
            }
        },
        "node_modules/@types/react-dom": {
            "version": "17.0.11",
            "resolved": "https://registry.npmjs.org/@types/react-dom/-/react-dom-17.0.11.tgz",
            "integrity": "sha512-f96K3k+24RaLGVu/Y2Ng3e1EbZ8/cVJvypZWd7cy0ofCBaf2lcM46xNhycMZ2xGwbBjRql7hOlZ+e2WlJ5MH3Q==",
            "dev": true,
            "dependencies": {
                "@types/react": "*"
            }
        },
        "node_modules/@types/scheduler": {
            "version": "0.16.2",
            "resolved": "https://registry.npmjs.org/@types/scheduler/-/scheduler-0.16.2.tgz",
            "integrity": "sha512-hppQEBDmlwhFAXKJX2KnWLYu5yMfi91yazPb2l+lbJiwW+wdo1gNeRA+3RgNSO39WYX2euey41KEwnqesU2Jew==",
            "dev": true
        },
        "node_modules/csstype": {
            "version": "3.0.10",
            "resolved": "https://registry.npmjs.org/csstype/-/csstype-3.0.10.tgz",
            "integrity": "sha512-2u44ZG2OcNUO9HDp/Jl8C07x6pU/eTR3ncV91SiK3dhG9TWvRVsCoJw14Ckx5DgWkzGA3waZWO3d7pgqpUI/XA==",
            "dev": true
        },
        "node_modules/dotenv": {
            "version": "8.6.0",
            "resolved": "https://registry.npmjs.org/dotenv/-/dotenv-8.6.0.tgz",
            "integrity": "sha512-IrPdXQsk2BbzvCBGBOTmmSH5SodmqZNt4ERAZDmW4CT+tL8VtvinqywuANaFu4bOMWki16nqf0e4oC0QIaDr/g==",
            "engines": {
                "node": ">=10"
            }
        },
        "node_modules/log-that-http": {
            "version": "1.0.1",
            "resolved": "https://registry.npmjs.org/log-that-http/-/log-that-http-1.0.1.tgz",
            "integrity": "sha512-m382CmTTsDdf288oUdQdYMBDUisiQgXkqIIPw8stFqjSZwjgrg4ap7S3viniy7qv3KTnv3CCb/GFQWAuqLJu3Q==",
            "engines": {
                "node": ">=8"
            }
        },
        "node_modules/typescript": {
            "version": "4.5.4",
            "resolved": "https://registry.npmjs.org/typescript/-/typescript-4.5.4.tgz",
            "integrity": "sha512-VgYs2A2QIRuGphtzFV7aQJduJ2gyfTljngLzjpfW9FoYZF6xuw1W0vW9ghCKLfcWrCFxK81CSGRAvS1pn4fIUg==",
            "dev": true,
            "bin": {
                "tsc": "bin/tsc",
                "tsserver": "bin/tsserver"
            },
            "engines": {
                "node": ">=4.2.0"
            }
        }
    },
    "dependencies": {
        "@clerk/clerk-sdk-node": {
            "version": "file:../../dist"
        },
        "@types/prop-types": {
            "version": "15.7.4",
            "resolved": "https://registry.npmjs.org/@types/prop-types/-/prop-types-15.7.4.tgz",
            "integrity": "sha512-rZ5drC/jWjrArrS8BR6SIr4cWpW09RNTYt9AMZo3Jwwif+iacXAqgVjm0B0Bv/S1jhDXKHqRVNCbACkJ89RAnQ==",
            "dev": true
        },
        "@types/react": {
            "version": "17.0.38",
            "resolved": "https://registry.npmjs.org/@types/react/-/react-17.0.38.tgz",
            "integrity": "sha512-SI92X1IA+FMnP3qM5m4QReluXzhcmovhZnLNm3pyeQlooi02qI7sLiepEYqT678uNiyc25XfCqxREFpy3W7YhQ==",
            "dev": true,
            "requires": {
                "@types/prop-types": "*",
                "@types/scheduler": "*",
                "csstype": "^3.0.2"
            }
        },
        "@types/react-dom": {
            "version": "17.0.11",
            "resolved": "https://registry.npmjs.org/@types/react-dom/-/react-dom-17.0.11.tgz",
            "integrity": "sha512-f96K3k+24RaLGVu/Y2Ng3e1EbZ8/cVJvypZWd7cy0ofCBaf2lcM46xNhycMZ2xGwbBjRql7hOlZ+e2WlJ5MH3Q==",
            "dev": true,
            "requires": {
                "@types/react": "*"
            }
        },
        "@types/scheduler": {
            "version": "0.16.2",
            "resolved": "https://registry.npmjs.org/@types/scheduler/-/scheduler-0.16.2.tgz",
            "integrity": "sha512-hppQEBDmlwhFAXKJX2KnWLYu5yMfi91yazPb2l+lbJiwW+wdo1gNeRA+3RgNSO39WYX2euey41KEwnqesU2Jew==",
            "dev": true
        },
        "csstype": {
            "version": "3.0.10",
            "resolved": "https://registry.npmjs.org/csstype/-/csstype-3.0.10.tgz",
            "integrity": "sha512-2u44ZG2OcNUO9HDp/Jl8C07x6pU/eTR3ncV91SiK3dhG9TWvRVsCoJw14Ckx5DgWkzGA3waZWO3d7pgqpUI/XA==",
            "dev": true
        },
        "dotenv": {
            "version": "8.6.0",
            "resolved": "https://registry.npmjs.org/dotenv/-/dotenv-8.6.0.tgz",
            "integrity": "sha512-IrPdXQsk2BbzvCBGBOTmmSH5SodmqZNt4ERAZDmW4CT+tL8VtvinqywuANaFu4bOMWki16nqf0e4oC0QIaDr/g=="
        },
        "log-that-http": {
            "version": "1.0.1",
            "resolved": "https://registry.npmjs.org/log-that-http/-/log-that-http-1.0.1.tgz",
            "integrity": "sha512-m382CmTTsDdf288oUdQdYMBDUisiQgXkqIIPw8stFqjSZwjgrg4ap7S3viniy7qv3KTnv3CCb/GFQWAuqLJu3Q=="
        },
        "typescript": {
            "version": "4.5.4",
            "resolved": "https://registry.npmjs.org/typescript/-/typescript-4.5.4.tgz",
            "integrity": "sha512-VgYs2A2QIRuGphtzFV7aQJduJ2gyfTljngLzjpfW9FoYZF6xuw1W0vW9ghCKLfcWrCFxK81CSGRAvS1pn4fIUg==",
            "dev": true
        }
    }
}
