speakeasyVersion: 1.521.1
sources:
    Clerk Backend API:
        sourceNamespace: clerk-backend-api
        sourceRevisionDigest: sha256:ab0b121bf7bf2fe1292dc48e021b8180b28e5054eb72bf7b97c2c8f820048088
        sourceBlobDigest: sha256:29fc6f630bf8f72917e17df45bdb66f9a8959bb91ccb4f5e87818f50ad351078
        tags:
            - latest
            - "2025-12-03"
targets:
    clerk:
        source: Clerk Backend API
        sourceNamespace: clerk-backend-api
        sourceRevisionDigest: sha256:ab0b121bf7bf2fe1292dc48e021b8180b28e5054eb72bf7b97c2c8f820048088
        sourceBlobDigest: sha256:29fc6f630bf8f72917e17df45bdb66f9a8959bb91ccb4f5e87818f50ad351078
        codeSamplesNamespace: clerk-backend-api-typescript-code-samples
        codeSamplesRevisionDigest: sha256:7781ca184d7cbbd3afee63604ddc3af591c39d8d0338e5d7ed245ea9b556adbc
workflow:
    workflowVersion: 1.0.0
    speakeasyVersion: latest
    sources:
        Clerk Backend API:
            inputs:
                - location: https://raw.githubusercontent.com/clerk/openapi-specs/refs/heads/main/bapi/2025-12-03.yml
            registry:
                location: registry.speakeasyapi.dev/clerk/clerk/clerk-backend-api
    targets:
        clerk:
            target: typescript
            source: Clerk Backend API
            codeSamples:
                registry:
                    location: registry.speakeasyapi.dev/clerk/clerk/clerk-backend-api-typescript-code-samples
                labelOverride:
                    fixedValue: Typescript (SDK)
                blocking: false
