speakeasyVersion: 1.526.6
sources:
    Clerk Backend API:
        sourceNamespace: clerk-backend-api
        sourceRevisionDigest: sha256:dc706b5b5084db846634c9308cc8c7d759b7767f3f7c5e7bbabadb65eb0cda8b
        sourceBlobDigest: sha256:50f811d52e5bff2fa5ace57211a92d2c56dc9745eea76c9829ed181e0e341640
        tags:
            - latest
            - "2025-03-12"
targets:
    clerk:
        source: Clerk Backend API
        sourceNamespace: clerk-backend-api
        sourceRevisionDigest: sha256:dc706b5b5084db846634c9308cc8c7d759b7767f3f7c5e7bbabadb65eb0cda8b
        sourceBlobDigest: sha256:50f811d52e5bff2fa5ace57211a92d2c56dc9745eea76c9829ed181e0e341640
        codeSamplesNamespace: clerk-backend-api-typescript-code-samples
        codeSamplesRevisionDigest: sha256:68d5d436205d289c518a079b81ca3c07f46805d85a6c94f6ae504a8a8dd26c13
workflow:
    workflowVersion: 1.0.0
    speakeasyVersion: latest
    sources:
        Clerk Backend API:
            inputs:
                - location: https://raw.githubusercontent.com/clerk/openapi-specs/refs/heads/main/bapi/2025-03-12.yml
            registry:
                location: registry.speakeasyapi.dev/clerk/clerk/clerk-backend-api
    targets:
        clerk:
            target: typescript
            source: Clerk Backend API
            codeSamples:
                registry:
                    location: registry.speakeasyapi.dev/clerk/clerk/clerk-backend-api-typescript-code-samples
                labelOverride:
                    fixedValue: Typescript (SDK)
                blocking: false
