speakeasyVersion: 1.525.0
sources:
    Clerk Backend API:
        sourceNamespace: clerk-backend-api
        sourceRevisionDigest: sha256:e27d4df102fbc50e881be37504f5768b62f9bb1e70048355de7ee56eaa73a618
        sourceBlobDigest: sha256:03b7e0deae4be1e9160825fcd45005bdd2c17659767289dd2a8d588593a30053
        tags:
            - latest
            - "2025-12-03"
targets:
    clerk:
        source: Clerk Backend API
        sourceNamespace: clerk-backend-api
        sourceRevisionDigest: sha256:e27d4df102fbc50e881be37504f5768b62f9bb1e70048355de7ee56eaa73a618
        sourceBlobDigest: sha256:03b7e0deae4be1e9160825fcd45005bdd2c17659767289dd2a8d588593a30053
        codeSamplesNamespace: clerk-backend-api-typescript-code-samples
        codeSamplesRevisionDigest: sha256:4ed83135e6673d623aeb0d7193ccf83c378da8d70a156d802268f3d0d422c4ed
workflow:
    workflowVersion: 1.0.0
    speakeasyVersion: latest
    sources:
        Clerk Backend API:
            inputs:
                - location: https://raw.githubusercontent.com/clerk/openapi-specs/refs/heads/main/bapi/2025-12-03.yml
            registry:
                location: registry.speakeasyapi.dev/clerk/clerk/clerk-backend-api
    targets:
        clerk:
            target: typescript
            source: Clerk Backend API
            codeSamples:
                registry:
                    location: registry.speakeasyapi.dev/clerk/clerk/clerk-backend-api-typescript-code-samples
                labelOverride:
                    fixedValue: Typescript (SDK)
                blocking: false
