{
  "version": "v1",
  "packages": {
    "@clerk/types": {
      "signature": "23c01e5da40bedb7178b5e957d3a72d2",
      "file": true
    },
    "@clerk/remix": {
      "signature": "e4e66e97b383f32d76189194ca2cd9f9",
      "file": true,
      "replaced": "file:../../packages/remix/dist"
    },
    "@clerk/backend": {
      "signature": "3e36d7b32081afd15413ecc19eb6fef2",
      "file": true
    }
  }
}