{
  "version": "v1",
  "packages": {
    "@clerk/types": {
      "signature": "23c01e5da40bedb7178b5e957d3a72d2",
      "file": true
    },
    "@clerk/remix": {
      "signature": "dd63952651b96906fabc8d639b418ba6",
      "file": true,
      "replaced": "file:../../packages/remix/dist"
    },
    "@clerk/backend": {
      "signature": "5693563100523671870f049c1c42a9dc",
      "file": true
    }
  }
}